github.com/dblohm7/wingoes v0.0.0-20230131214643-2b26ab7fb5f9 h1:BHpX4mgaPLK+6K0ByiQ3fJH9ZrwmHfPJWPIO3et9j6g=
github.com/dblohm7/wingoes v0.0.0-20230131214643-2b26ab7fb5f9/go.mod h1:54MIJVGBIdbHuav7/YRAAhRxZvpEV9Z9p6jCKPLJ2lw=
golang.org/x/exp v0.0.0-20230127140709-cafedaf64729 h1:H2kBA039yqxDv2DScpuC0knhZXO6Evfmt7mN8sGMh/4=
golang.org/x/sys v0.4.0 h1:Zr2JFtRQNX3BCZ8YtxRE9hNJYC8J6I1MVbMg6owUp18=
golang.org/x/sys v0.4.0/go.mod h1:oPkhp1MJrh7nUepCBck5+mAzfO9JrbApNNgaTdGDITg=
